
Microsoft Visual Studio Solution File, Format Version 12.00
# Visual Studio 15
VisualStudioVersion = 15.0.28307.438
MinimumVisualStudioVersion = 10.0.40219.1
Project("{FAE04EC0-301F-11D3-BF4B-00C04F79EFBC}") = "VRA.SneakPeek2019", "VRA.SneakPeek2019\VRA.SneakPeek2019.csproj", "{FF3CA345-6F92-438E-A046-9127766D62DB}"
EndProject
Project("{2150E333-8FDC-42A3-9474-1A3956D46DE8}") = "Solution Items", "Solution Items", "{649CB25A-B3BF-4D67-975D-EF14D0FB3435}"
	ProjectSection(SolutionItems) = preProject
		README.md = README.md
	EndProjectSection
EndProject
Global
	GlobalSection(SolutionConfigurationPlatforms) = preSolution
		Debug|ARM = Debug|ARM
		Debug|ARM64 = Debug|ARM64
		Debug|x64 = Debug|x64
		Debug|x86 = Debug|x86
		Release|ARM = Release|ARM
		Release|ARM64 = Release|ARM64
		Release|x64 = Release|x64
		Release|x86 = Release|x86
	EndGlobalSection
	GlobalSection(ProjectConfigurationPlatforms) = postSolution
		{FF3CA345-6F92-438E-A046-9127766D62DB}.Debug|ARM.ActiveCfg = Debug|ARM
		{FF3CA345-6F92-438E-A046-9127766D62DB}.Debug|ARM.Build.0 = Debug|ARM
		{FF3CA345-6F92-438E-A046-9127766D62DB}.Debug|ARM.Deploy.0 = Debug|ARM
		{FF3CA345-6F92-438E-A046-9127766D62DB}.Debug|ARM64.ActiveCfg = Debug|ARM64
		{FF3CA345-6F92-438E-A046-9127766D62DB}.Debug|ARM64.Build.0 = Debug|ARM64
		{FF3CA345-6F92-438E-A046-9127766D62DB}.Debug|ARM64.Deploy.0 = Debug|ARM64
		{FF3CA345-6F92-438E-A046-9127766D62DB}.Debug|x64.ActiveCfg = Debug|x64
		{FF3CA345-6F92-438E-A046-9127766D62DB}.Debug|x64.Build.0 = Debug|x64
		{FF3CA345-6F92-438E-A046-9127766D62DB}.Debug|x64.Deploy.0 = Debug|x64
		{FF3CA345-6F92-438E-A046-9127766D62DB}.Debug|x86.ActiveCfg = Debug|x86
		{FF3CA345-6F92-438E-A046-9127766D62DB}.Debug|x86.Build.0 = Debug|x86
		{FF3CA345-6F92-438E-A046-9127766D62DB}.Debug|x86.Deploy.0 = Debug|x86
		{FF3CA345-6F92-438E-A046-9127766D62DB}.Release|ARM.ActiveCfg = Release|ARM
		{FF3CA345-6F92-438E-A046-9127766D62DB}.Release|ARM.Build.0 = Release|ARM
		{FF3CA345-6F92-438E-A046-9127766D62DB}.Release|ARM.Deploy.0 = Release|ARM
		{FF3CA345-6F92-438E-A046-9127766D62DB}.Release|ARM64.ActiveCfg = Release|ARM64
		{FF3CA345-6F92-438E-A046-9127766D62DB}.Release|ARM64.Build.0 = Release|ARM64
		{FF3CA345-6F92-438E-A046-9127766D62DB}.Release|ARM64.Deploy.0 = Release|ARM64
		{FF3CA345-6F92-438E-A046-9127766D62DB}.Release|x64.ActiveCfg = Release|x64
		{FF3CA345-6F92-438E-A046-9127766D62DB}.Release|x64.Build.0 = Release|x64
		{FF3CA345-6F92-438E-A046-9127766D62DB}.Release|x64.Deploy.0 = Release|x64
		{FF3CA345-6F92-438E-A046-9127766D62DB}.Release|x86.ActiveCfg = Release|x86
		{FF3CA345-6F92-438E-A046-9127766D62DB}.Release|x86.Build.0 = Release|x86
		{FF3CA345-6F92-438E-A046-9127766D62DB}.Release|x86.Deploy.0 = Release|x86
	EndGlobalSection
	GlobalSection(SolutionProperties) = preSolution
		HideSolutionNode = FALSE
	EndGlobalSection
	GlobalSection(ExtensibilityGlobals) = postSolution
		SolutionGuid = {62502884-4A87-4FB2-BE29-0D05F8B4F8EC}
	EndGlobalSection
EndGlobal
